
Microsoft Visual Studio Solution File, Format Version 12.00
# Visual Studio Version 17
VisualStudioVersion = 17.1.32210.238
MinimumVisualStudioVersion = 10.0.40219.1
Project("{FAE04EC0-301F-11D3-BF4B-00C04F79EFBC}") = "MovieDelegate", "MovieDelegate.csproj", "{7DC64D3E-0DFF-4CAC-AF25-22ABC71DA92C}"
EndProject
Global
	GlobalSection(SolutionConfigurationPlatforms) = preSolution
		Debug|Any CPU = Debug|Any CPU
		Release|Any CPU = Release|Any CPU
	EndGlobalSection
	GlobalSection(ProjectConfigurationPlatforms) = postSolution
		{7DC64D3E-0DFF-4CAC-AF25-22ABC71DA92C}.Debug|Any CPU.ActiveCfg = Debug|Any CPU
		{7DC64D3E-0DFF-4CAC-AF25-22ABC71DA92C}.Debug|Any CPU.Build.0 = Debug|Any CPU
		{7DC64D3E-0DFF-4CAC-AF25-22ABC71DA92C}.Release|Any CPU.ActiveCfg = Release|Any CPU
		{7DC64D3E-0DFF-4CAC-AF25-22ABC71DA92C}.Release|Any CPU.Build.0 = Release|Any CPU
	EndGlobalSection
	GlobalSection(SolutionProperties) = preSolution
		HideSolutionNode = FALSE
	EndGlobalSection
	GlobalSection(ExtensibilityGlobals) = postSolution
		SolutionGuid = {6BBD8F59-4CFB-4C41-A41E-727409068D68}
	EndGlobalSection
EndGlobal
